{
  "name": "tmp-repro-clipboard-typescript",
  "version": "1.0.0",
  "lockfileVersion": 2,
  "requires": true,
  "packages": {
    "": {
      "name": "tmp-repro-clipboard-typescript",
      "version": "1.0.0",
      "license": "ISC",
      "dependencies": {
        "clipboard-polyfill": "^3.0.3"
      },
      "devDependencies": {
        "typescript": "^4.5.5"
      }
    },
    "node_modules/clipboard-polyfill": {
      "version": "3.0.3",
      "resolved": "https://registry.npmjs.org/clipboard-polyfill/-/clipboard-polyfill-3.0.3.tgz",
      "integrity": "sha512-hts0o01ZkwjA1qHA5gFePzAj/780W7v+eyN3GdaCRyDnapzcPsKRV5aodv77gcr40NDIcyNjNmc+HvfKV+jD0g=="
    },
    "node_modules/typescript": {
      "version": "4.5.5",
      "resolved": "https://registry.npmjs.org/typescript/-/typescript-4.5.5.tgz",
      "integrity": "sha512-TCTIul70LyWe6IJWT8QSYeA54WQe8EjQFU4wY52Fasj5UKx88LNYKCgBEHcOMOrFF1rKGbD8v/xcNWVUq9SymA==",
      "dev": true,
      "bin": {
        "tsc": "bin/tsc",
        "tsserver": "bin/tsserver"
      },
      "engines": {
        "node": ">=4.2.0"
      }
    }
  },
  "dependencies": {
    "clipboard-polyfill": {
      "version": "3.0.3",
      "resolved": "https://registry.npmjs.org/clipboard-polyfill/-/clipboard-polyfill-3.0.3.tgz",
      "integrity": "sha512-hts0o01ZkwjA1qHA5gFePzAj/780W7v+eyN3GdaCRyDnapzcPsKRV5aodv77gcr40NDIcyNjNmc+HvfKV+jD0g=="
    },
    "typescript": {
      "version": "4.5.5",
      "resolved": "https://registry.npmjs.org/typescript/-/typescript-4.5.5.tgz",
      "integrity": "sha512-TCTIul70LyWe6IJWT8QSYeA54WQe8EjQFU4wY52Fasj5UKx88LNYKCgBEHcOMOrFF1rKGbD8v/xcNWVUq9SymA==",
      "dev": true
    }
  }
}
